
Microsoft Visual Studio Solution File, Format Version 12.00
# Visual Studio Version 17
VisualStudioVersion = 17.5.002.0
MinimumVisualStudioVersion = 10.0.40219.1
Project("{9A19103F-16F7-4668-BE54-9A1E7A4F7556}") = "Module6MovieList", "Module6MovieList.csproj", "{5900E02B-B663-458E-99FB-DED29F59CECD}"
EndProject
Global
	GlobalSection(SolutionConfigurationPlatforms) = preSolution
		Debug|Any CPU = Debug|Any CPU
		Release|Any CPU = Release|Any CPU
	EndGlobalSection
	GlobalSection(ProjectConfigurationPlatforms) = postSolution
		{5900E02B-B663-458E-99FB-DED29F59CECD}.Debug|Any CPU.ActiveCfg = Debug|Any CPU
		{5900E02B-B663-458E-99FB-DED29F59CECD}.Debug|Any CPU.Build.0 = Debug|Any CPU
		{5900E02B-B663-458E-99FB-DED29F59CECD}.Release|Any CPU.ActiveCfg = Release|Any CPU
		{5900E02B-B663-458E-99FB-DED29F59CECD}.Release|Any CPU.Build.0 = Release|Any CPU
	EndGlobalSection
	GlobalSection(SolutionProperties) = preSolution
		HideSolutionNode = FALSE
	EndGlobalSection
	GlobalSection(ExtensibilityGlobals) = postSolution
		SolutionGuid = {AD8C7CD5-A301-4BD8-8C7F-A04539E8EAD5}
	EndGlobalSection
EndGlobal
